
Microsoft Visual Studio Solution File, Format Version 12.00
# Visual Studio 15
VisualStudioVersion = 15.0.27703.2042
MinimumVisualStudioVersion = 10.0.40219.1
Project("{FAE04EC0-301F-11D3-BF4B-00C04F79EFBC}") = "ChatBotMat", "ChatBotMat\ChatBotMat.csproj", "{50F2C0F2-0D0C-4340-83F1-5755880EFF34}"
EndProject
Global
	GlobalSection(SolutionConfigurationPlatforms) = preSolution
		Debug|Any CPU = Debug|Any CPU
		Release|Any CPU = Release|Any CPU
	EndGlobalSection
	GlobalSection(ProjectConfigurationPlatforms) = postSolution
		{50F2C0F2-0D0C-4340-83F1-5755880EFF34}.Debug|Any CPU.ActiveCfg = Debug|Any CPU
		{50F2C0F2-0D0C-4340-83F1-5755880EFF34}.Debug|Any CPU.Build.0 = Debug|Any CPU
		{50F2C0F2-0D0C-4340-83F1-5755880EFF34}.Release|Any CPU.ActiveCfg = Release|Any CPU
		{50F2C0F2-0D0C-4340-83F1-5755880EFF34}.Release|Any CPU.Build.0 = Release|Any CPU
	EndGlobalSection
	GlobalSection(SolutionProperties) = preSolution
		HideSolutionNode = FALSE
	EndGlobalSection
	GlobalSection(ExtensibilityGlobals) = postSolution
		SolutionGuid = {CC05A1C8-1BEF-44D0-A629-4BF53CBD4EB8}
	EndGlobalSection
EndGlobal
